
Microsoft Visual Studio Solution File, Format Version 12.00
# Visual Studio 2012
Project("{FAE04EC0-301F-11D3-BF4B-00C04F79EFBC}") = "VatrogasnoDrustvo", "VatrogasnoDrustvo\VatrogasnoDrustvo.csproj", "{8D05D876-3D67-4D2F-A4E6-3D2B123579DB}"
EndProject
Global
	GlobalSection(SolutionConfigurationPlatforms) = preSolution
		Debug|Any CPU = Debug|Any CPU
		Release|Any CPU = Release|Any CPU
	EndGlobalSection
	GlobalSection(ProjectConfigurationPlatforms) = postSolution
		{8D05D876-3D67-4D2F-A4E6-3D2B123579DB}.Debug|Any CPU.ActiveCfg = Debug|Any CPU
		{8D05D876-3D67-4D2F-A4E6-3D2B123579DB}.Debug|Any CPU.Build.0 = Debug|Any CPU
		{8D05D876-3D67-4D2F-A4E6-3D2B123579DB}.Release|Any CPU.ActiveCfg = Release|Any CPU
		{8D05D876-3D67-4D2F-A4E6-3D2B123579DB}.Release|Any CPU.Build.0 = Release|Any CPU
	EndGlobalSection
	GlobalSection(SolutionProperties) = preSolution
		HideSolutionNode = FALSE
	EndGlobalSection
EndGlobal
